
Microsoft Visual Studio Solution File, Format Version 12.00
# Visual Studio 15
VisualStudioVersion = 15.0.27130.2036
MinimumVisualStudioVersion = 10.0.40219.1
Project("{E24C65DC-7377-472B-9ABA-BC803B73C61A}") = "EmptyWebsite4", "EmptyWebsite4\", "{025D4474-D7DC-4973-84D0-879BB0926AC4}"
	ProjectSection(WebsiteProperties) = preProject
		TargetFrameworkMoniker = ".NETFramework,Version%3Dv4.7"
		Debug.AspNetCompiler.VirtualPath = "/localhost_51321"
		Debug.AspNetCompiler.PhysicalPath = "EmptyWebsite4\"
		Debug.AspNetCompiler.TargetPath = "PrecompiledWeb\localhost_51321\"
		Debug.AspNetCompiler.Updateable = "true"
		Debug.AspNetCompiler.ForceOverwrite = "true"
		Debug.AspNetCompiler.FixedNames = "false"
		Debug.AspNetCompiler.Debug = "True"
		Release.AspNetCompiler.VirtualPath = "/localhost_51321"
		Release.AspNetCompiler.PhysicalPath = "EmptyWebsite4\"
		Release.AspNetCompiler.TargetPath = "PrecompiledWeb\localhost_51321\"
		Release.AspNetCompiler.Updateable = "true"
		Release.AspNetCompiler.ForceOverwrite = "true"
		Release.AspNetCompiler.FixedNames = "false"
		Release.AspNetCompiler.Debug = "False"
		VWDPort = "51321"
		SlnRelativePath = "EmptyWebsite4\"
		DefaultWebSiteLanguage = "Visual C#"
	EndProjectSection
EndProject
Global
	GlobalSection(SolutionConfigurationPlatforms) = preSolution
		Debug|Any CPU = Debug|Any CPU
	EndGlobalSection
	GlobalSection(ProjectConfigurationPlatforms) = postSolution
		{025D4474-D7DC-4973-84D0-879BB0926AC4}.Debug|Any CPU.ActiveCfg = Debug|Any CPU
		{025D4474-D7DC-4973-84D0-879BB0926AC4}.Debug|Any CPU.Build.0 = Debug|Any CPU
	EndGlobalSection
	GlobalSection(SolutionProperties) = preSolution
		HideSolutionNode = FALSE
	EndGlobalSection
	GlobalSection(ExtensibilityGlobals) = postSolution
		SolutionGuid = {1EBE3595-E2FD-40B6-9F5B-99917F407761}
	EndGlobalSection
EndGlobal
